// !$*UTF8*$!
{
	archiveVersion = 1;
	classes = {
	};
	objectVersion = 56;
	objects = {

/* Begin PBXBuildFile section */
		EFEC23FC2C0CFC5000AB24A4 /* AppDelegate.swift in Sources */ = {isa = PBXBuildFile; fileRef = EFEC23FB2C0CFC5000AB24A4 /* AppDelegate.swift */; };
		EFEC23FE2C0CFC5000AB24A4 /* SceneDelegate.swift in Sources */ = {isa = PBXBuildFile; fileRef = EFEC23FD2C0CFC5000AB24A4 /* SceneDelegate.swift */; };
		EFEC24002C0CFC5000AB24A4 /* ViewController.swift in Sources */ = {isa = PBXBuildFile; fileRef = EFEC23FF2C0CFC5000AB24A4 /* ViewController.swift */; };
		EFEC24032C0CFC5000AB24A4 /* Base in Resources */ = {isa = PBXBuildFile; fileRef = EFEC24022C0CFC5000AB24A4 /* Base */; };
		EFEC24052C0CFC5300AB24A4 /* Assets.xcassets in Resources */ = {isa = PBXBuildFile; fileRef = EFEC24042C0CFC5300AB24A4 /* Assets.xcassets */; };
		EFEC24082C0CFC5300AB24A4 /* Base in Resources */ = {isa = PBXBuildFile; fileRef = EFEC24072C0CFC5300AB24A4 /* Base */; };
		EFEC24132C0CFC5300AB24A4 /* Basic_ComponentsTests.swift in Sources */ = {isa = PBXBuildFile; fileRef = EFEC24122C0CFC5300AB24A4 /* Basic_ComponentsTests.swift */; };
		EFEC241D2C0CFC5300AB24A4 /* Basic_ComponentsUITests.swift in Sources */ = {isa = PBXBuildFile; fileRef = EFEC241C2C0CFC5300AB24A4 /* Basic_ComponentsUITests.swift */; };
		EFEC241F2C0CFC5300AB24A4 /* Basic_ComponentsUITestsLaunchTests.swift in Sources */ = {isa = PBXBuildFile; fileRef = EFEC241E2C0CFC5300AB24A4 /* Basic_ComponentsUITestsLaunchTests.swift */; };
/* End PBXBuildFile section */

/* Begin PBXContainerItemProxy section */
		EFEC240F2C0CFC5300AB24A4 /* PBXContainerItemProxy */ = {
			isa = PBXContainerItemProxy;
			containerPortal = EFEC23F02C0CFC5000AB24A4 /* Project object */;
			proxyType = 1;
			remoteGlobalIDString = EFEC23F72C0CFC5000AB24A4;
			remoteInfo = Basic_Components;
		};
		EFEC24192C0CFC5300AB24A4 /* PBXContainerItemProxy */ = {
			isa = PBXContainerItemProxy;
			containerPortal = EFEC23F02C0CFC5000AB24A4 /* Project object */;
			proxyType = 1;
			remoteGlobalIDString = EFEC23F72C0CFC5000AB24A4;
			remoteInfo = Basic_Components;
		};
/* End PBXContainerItemProxy section */

/* Begin PBXFileReference section */
		EFEC23F82C0CFC5000AB24A4 /* Basic_Components.app */ = {isa = PBXFileReference; explicitFileType = wrapper.application; includeInIndex = 0; path = Basic_Components.app; sourceTree = BUILT_PRODUCTS_DIR; };
		EFEC23FB2C0CFC5000AB24A4 /* AppDelegate.swift */ = {isa = PBXFileReference; lastKnownFileType = sourcecode.swift; path = AppDelegate.swift; sourceTree = "<group>"; };
		EFEC23FD2C0CFC5000AB24A4 /* SceneDelegate.swift */ = {isa = PBXFileReference; lastKnownFileType = sourcecode.swift; path = SceneDelegate.swift; sourceTree = "<group>"; };
		EFEC23FF2C0CFC5000AB24A4 /* ViewController.swift */ = {isa = PBXFileReference; lastKnownFileType = sourcecode.swift; path = ViewController.swift; sourceTree = "<group>"; };
		EFEC24022C0CFC5000AB24A4 /* Base */ = {isa = PBXFileReference; lastKnownFileType = file.storyboard; name = Base; path = Base.lproj/Main.storyboard; sourceTree = "<group>"; };
		EFEC24042C0CFC5300AB24A4 /* Assets.xcassets */ = {isa = PBXFileReference; lastKnownFileType = folder.assetcatalog; path = Assets.xcassets; sourceTree = "<group>"; };
		EFEC24072C0CFC5300AB24A4 /* Base */ = {isa = PBXFileReference; lastKnownFileType = file.storyboard; name = Base; path = Base.lproj/LaunchScreen.storyboard; sourceTree = "<group>"; };
		EFEC24092C0CFC5300AB24A4 /* Info.plist */ = {isa = PBXFileReference; lastKnownFileType = text.plist.xml; path = Info.plist; sourceTree = "<group>"; };
		EFEC240E2C0CFC5300AB24A4 /* Basic_ComponentsTests.xctest */ = {isa = PBXFileReference; explicitFileType = wrapper.cfbundle; includeInIndex = 0; path = Basic_ComponentsTests.xctest; sourceTree = BUILT_PRODUCTS_DIR; };
		EFEC24122C0CFC5300AB24A4 /* Basic_ComponentsTests.swift */ = {isa = PBXFileReference; lastKnownFileType = sourcecode.swift; path = Basic_ComponentsTests.swift; sourceTree = "<group>"; };
		EFEC24182C0CFC5300AB24A4 /* Basic_ComponentsUITests.xctest */ = {isa = PBXFileReference; explicitFileType = wrapper.cfbundle; includeInIndex = 0; path = Basic_ComponentsUITests.xctest; sourceTree = BUILT_PRODUCTS_DIR; };
		EFEC241C2C0CFC5300AB24A4 /* Basic_ComponentsUITests.swift */ = {isa = PBXFileReference; lastKnownFileType = sourcecode.swift; path = Basic_ComponentsUITests.swift; sourceTree = "<group>"; };
		EFEC241E2C0CFC5300AB24A4 /* Basic_ComponentsUITestsLaunchTests.swift */ = {isa = PBXFileReference; lastKnownFileType = sourcecode.swift; path = Basic_ComponentsUITestsLaunchTests.swift; sourceTree = "<group>"; };
/* End PBXFileReference section */

/* Begin PBXFrameworksBuildPhase section */
		EFEC23F52C0CFC5000AB24A4 /* Frameworks */ = {
			isa = PBXFrameworksBuildPhase;
			buildActionMask = 2147483647;
			files = (
			);
			runOnlyForDeploymentPostprocessing = 0;
		};
		EFEC240B2C0CFC5300AB24A4 /* Frameworks */ = {
			isa = PBXFrameworksBuildPhase;
			buildActionMask = 2147483647;
			files = (
			);
			runOnlyForDeploymentPostprocessing = 0;
		};
		EFEC24152C0CFC5300AB24A4 /* Frameworks */ = {
			isa = PBXFrameworksBuildPhase;
			buildActionMask = 2147483647;
			files = (
			);
			runOnlyForDeploymentPostprocessing = 0;
		};
/* End PBXFrameworksBuildPhase section */

/* Begin PBXGroup section */
		EFEC23EF2C0CFC5000AB24A4 = {
			isa = PBXGroup;
			children = (
				EFEC23FA2C0CFC5000AB24A4 /* Basic_Components */,
				EFEC24112C0CFC5300AB24A4 /* Basic_ComponentsTests */,
				EFEC241B2C0CFC5300AB24A4 /* Basic_ComponentsUITests */,
				EFEC23F92C0CFC5000AB24A4 /* Products */,
			);
			sourceTree = "<group>";
		};
		EFEC23F92C0CFC5000AB24A4 /* Products */ = {
			isa = PBXGroup;
			children = (
				EFEC23F82C0CFC5000AB24A4 /* Basic_Components.app */,
				EFEC240E2C0CFC5300AB24A4 /* Basic_ComponentsTests.xctest */,
				EFEC24182C0CFC5300AB24A4 /* Basic_ComponentsUITests.xctest */,
			);
			name = Products;
			sourceTree = "<group>";
		};
		EFEC23FA2C0CFC5000AB24A4 /* Basic_Components */ = {
			isa = PBXGroup;
			children = (
				EFEC23FB2C0CFC5000AB24A4 /* AppDelegate.swift */,
				EFEC23FD2C0CFC5000AB24A4 /* SceneDelegate.swift */,
				EFEC23FF2C0CFC5000AB24A4 /* ViewController.swift */,
				EFEC24012C0CFC5000AB24A4 /* Main.storyboard */,
				EFEC24042C0CFC5300AB24A4 /* Assets.xcassets */,
				EFEC24062C0CFC5300AB24A4 /* LaunchScreen.storyboard */,
				EFEC24092C0CFC5300AB24A4 /* Info.plist */,
			);
			path = Basic_Components;
			sourceTree = "<group>";
		};
		EFEC24112C0CFC5300AB24A4 /* Basic_ComponentsTests */ = {
			isa = PBXGroup;
			children = (
				EFEC24122C0CFC5300AB24A4 /* Basic_ComponentsTests.swift */,
			);
			path = Basic_ComponentsTests;
			sourceTree = "<group>";
		};
		EFEC241B2C0CFC5300AB24A4 /* Basic_ComponentsUITests */ = {
			isa = PBXGroup;
			children = (
				EFEC241C2C0CFC5300AB24A4 /* Basic_ComponentsUITests.swift */,
				EFEC241E2C0CFC5300AB24A4 /* Basic_ComponentsUITestsLaunchTests.swift */,
			);
			path = Basic_ComponentsUITests;
			sourceTree = "<group>";
		};
/* End PBXGroup section */

/* Begin PBXNativeTarget section */
		EFEC23F72C0CFC5000AB24A4 /* Basic_Components */ = {
			isa = PBXNativeTarget;
			buildConfigurationList = EFEC24222C0CFC5300AB24A4 /* Build configuration list for PBXNativeTarget "Basic_Components" */;
			buildPhases = (
				EFEC23F42C0CFC5000AB24A4 /* Sources */,
				EFEC23F52C0CFC5000AB24A4 /* Frameworks */,
				EFEC23F62C0CFC5000AB24A4 /* Resources */,
			);
			buildRules = (
			);
			dependencies = (
			);
			name = Basic_Components;
			productName = Basic_Components;
			productReference = EFEC23F82C0CFC5000AB24A4 /* Basic_Components.app */;
			productType = "com.apple.product-type.application";
		};
		EFEC240D2C0CFC5300AB24A4 /* Basic_ComponentsTests */ = {
			isa = PBXNativeTarget;
			buildConfigurationList = EFEC24252C0CFC5300AB24A4 /* Build configuration list for PBXNativeTarget "Basic_ComponentsTests" */;
			buildPhases = (
				EFEC240A2C0CFC5300AB24A4 /* Sources */,
				EFEC240B2C0CFC5300AB24A4 /* Frameworks */,
				EFEC240C2C0CFC5300AB24A4 /* Resources */,
			);
			buildRules = (
			);
			dependencies = (
				EFEC24102C0CFC5300AB24A4 /* PBXTargetDependency */,
			);
			name = Basic_ComponentsTests;
			productName = Basic_ComponentsTests;
			productReference = EFEC240E2C0CFC5300AB24A4 /* Basic_ComponentsTests.xctest */;
			productType = "com.apple.product-type.bundle.unit-test";
		};
		EFEC24172C0CFC5300AB24A4 /* Basic_ComponentsUITests */ = {
			isa = PBXNativeTarget;
			buildConfigurationList = EFEC24282C0CFC5300AB24A4 /* Build configuration list for PBXNativeTarget "Basic_ComponentsUITests" */;
			buildPhases = (
				EFEC24142C0CFC5300AB24A4 /* Sources */,
				EFEC24152C0CFC5300AB24A4 /* Frameworks */,
				EFEC24162C0CFC5300AB24A4 /* Resources */,
			);
			buildRules = (
			);
			dependencies = (
				EFEC241A2C0CFC5300AB24A4 /* PBXTargetDependency */,
			);
			name = Basic_ComponentsUITests;
			productName = Basic_ComponentsUITests;
			productReference = EFEC24182C0CFC5300AB24A4 /* Basic_ComponentsUITests.xctest */;
			productType = "com.apple.product-type.bundle.ui-testing";
		};
/* End PBXNativeTarget section */

/* Begin PBXProject section */
		EFEC23F02C0CFC5000AB24A4 /* Project object */ = {
			isa = PBXProject;
			attributes = {
				BuildIndependentTargetsInParallel = 1;
				LastSwiftUpdateCheck = 1540;
				LastUpgradeCheck = 1540;
				TargetAttributes = {
					EFEC23F72C0CFC5000AB24A4 = {
						CreatedOnToolsVersion = 15.4;
					};
					EFEC240D2C0CFC5300AB24A4 = {
						CreatedOnToolsVersion = 15.4;
						TestTargetID = EFEC23F72C0CFC5000AB24A4;
					};
					EFEC24172C0CFC5300AB24A4 = {
						CreatedOnToolsVersion = 15.4;
						TestTargetID = EFEC23F72C0CFC5000AB24A4;
					};
				};
			};
			buildConfigurationList = EFEC23F32C0CFC5000AB24A4 /* Build configuration list for PBXProject "Basic_Components" */;
			compatibilityVersion = "Xcode 14.0";
			developmentRegion = en;
			hasScannedForEncodings = 0;
			knownRegions = (
				en,
				Base,
			);
			mainGroup = EFEC23EF2C0CFC5000AB24A4;
			productRefGroup = EFEC23F92C0CFC5000AB24A4 /* Products */;
			projectDirPath = "";
			projectRoot = "";
			targets = (
				EFEC23F72C0CFC5000AB24A4 /* Basic_Components */,
				EFEC240D2C0CFC5300AB24A4 /* Basic_ComponentsTests */,
				EFEC24172C0CFC5300AB24A4 /* Basic_ComponentsUITests */,
			);
		};
/* End PBXProject section */

/* Begin PBXResourcesBuildPhase section */
		EFEC23F62C0CFC5000AB24A4 /* Resources */ = {
			isa = PBXResourcesBuildPhase;
			buildActionMask = 2147483647;
			files = (
				EFEC24052C0CFC5300AB24A4 /* Assets.xcassets in Resources */,
				EFEC24082C0CFC5300AB24A4 /* Base in Resources */,
				EFEC24032C0CFC5000AB24A4 /* Base in Resources */,
			);
			runOnlyForDeploymentPostprocessing = 0;
		};
		EFEC240C2C0CFC5300AB24A4 /* Resources */ = {
			isa = PBXResourcesBuildPhase;
			buildActionMask = 2147483647;
			files = (
			);
			runOnlyForDeploymentPostprocessing = 0;
		};
		EFEC24162C0CFC5300AB24A4 /* Resources */ = {
			isa = PBXResourcesBuildPhase;
			buildActionMask = 2147483647;
			files = (
			);
			runOnlyForDeploymentPostprocessing = 0;
		};
/* End PBXResourcesBuildPhase section */

/* Begin PBXSourcesBuildPhase section */
		EFEC23F42C0CFC5000AB24A4 /* Sources */ = {
			isa = PBXSourcesBuildPhase;
			buildActionMask = 2147483647;
			files = (
				EFEC24002C0CFC5000AB24A4 /* ViewController.swift in Sources */,
				EFEC23FC2C0CFC5000AB24A4 /* AppDelegate.swift in Sources */,
				EFEC23FE2C0CFC5000AB24A4 /* SceneDelegate.swift in Sources */,
			);
			runOnlyForDeploymentPostprocessing = 0;
		};
		EFEC240A2C0CFC5300AB24A4 /* Sources */ = {
			isa = PBXSourcesBuildPhase;
			buildActionMask = 2147483647;
			files = (
				EFEC24132C0CFC5300AB24A4 /* Basic_ComponentsTests.swift in Sources */,
			);
			runOnlyForDeploymentPostprocessing = 0;
		};
		EFEC24142C0CFC5300AB24A4 /* Sources */ = {
			isa = PBXSourcesBuildPhase;
			buildActionMask = 2147483647;
			files = (
				EFEC241D2C0CFC5300AB24A4 /* Basic_ComponentsUITests.swift in Sources */,
				EFEC241F2C0CFC5300AB24A4 /* Basic_ComponentsUITestsLaunchTests.swift in Sources */,
			);
			runOnlyForDeploymentPostprocessing = 0;
		};
/* End PBXSourcesBuildPhase section */

/* Begin PBXTargetDependency section */
		EFEC24102C0CFC5300AB24A4 /* PBXTargetDependency */ = {
			isa = PBXTargetDependency;
			target = EFEC23F72C0CFC5000AB24A4 /* Basic_Components */;
			targetProxy = EFEC240F2C0CFC5300AB24A4 /* PBXContainerItemProxy */;
		};
		EFEC241A2C0CFC5300AB24A4 /* PBXTargetDependency */ = {
			isa = PBXTargetDependency;
			target = EFEC23F72C0CFC5000AB24A4 /* Basic_Components */;
			targetProxy = EFEC24192C0CFC5300AB24A4 /* PBXContainerItemProxy */;
		};
/* End PBXTargetDependency section */

/* Begin PBXVariantGroup section */
		EFEC24012C0CFC5000AB24A4 /* Main.storyboard */ = {
			isa = PBXVariantGroup;
			children = (
				EFEC24022C0CFC5000AB24A4 /* Base */,
			);
			name = Main.storyboard;
			sourceTree = "<group>";
		};
		EFEC24062C0CFC5300AB24A4 /* LaunchScreen.storyboard */ = {
			isa = PBXVariantGroup;
			children = (
				EFEC24072C0CFC5300AB24A4 /* Base */,
			);
			name = LaunchScreen.storyboard;
			sourceTree = "<group>";
		};
/* End PBXVariantGroup section */

/* Begin XCBuildConfiguration section */
		EFEC24202C0CFC5300AB24A4 /* Debug */ = {
			isa = XCBuildConfiguration;
			buildSettings = {
				ALWAYS_SEARCH_USER_PATHS = NO;
				ASSETCATALOG_COMPILER_GENERATE_SWIFT_ASSET_SYMBOL_EXTENSIONS = YES;
				CLANG_ANALYZER_NONNULL = YES;
				CLANG_ANALYZER_NUMBER_OBJECT_CONVERSION = YES_AGGRESSIVE;
				CLANG_CXX_LANGUAGE_STANDARD = "gnu++20";
				CLANG_ENABLE_MODULES = YES;
				CLANG_ENABLE_OBJC_ARC = YES;
				CLANG_ENABLE_OBJC_WEAK = YES;
				CLANG_WARN_BLOCK_CAPTURE_AUTORELEASING = YES;
				CLANG_WARN_BOOL_CONVERSION = YES;
				CLANG_WARN_COMMA = YES;
				CLANG_WARN_CONSTANT_CONVERSION = YES;
				CLANG_WARN_DEPRECATED_OBJC_IMPLEMENTATIONS = YES;
				CLANG_WARN_DIRECT_OBJC_ISA_USAGE = YES_ERROR;
				CLANG_WARN_DOCUMENTATION_COMMENTS = YES;
				CLANG_WARN_EMPTY_BODY = YES;
				CLANG_WARN_ENUM_CONVERSION = YES;
				CLANG_WARN_INFINITE_RECURSION = YES;
				CLANG_WARN_INT_CONVERSION = YES;
				CLANG_WARN_NON_LITERAL_NULL_CONVERSION = YES;
				CLANG_WARN_OBJC_IMPLICIT_RETAIN_SELF = YES;
				CLANG_WARN_OBJC_LITERAL_CONVERSION = YES;
				CLANG_WARN_OBJC_ROOT_CLASS = YES_ERROR;
				CLANG_WARN_QUOTED_INCLUDE_IN_FRAMEWORK_HEADER = YES;
				CLANG_WARN_RANGE_LOOP_ANALYSIS = YES;
				CLANG_WARN_STRICT_PROTOTYPES = YES;
				CLANG_WARN_SUSPICIOUS_MOVE = YES;
				CLANG_WARN_UNGUARDED_AVAILABILITY = YES_AGGRESSIVE;
				CLANG_WARN_UNREACHABLE_CODE = YES;
				CLANG_WARN__DUPLICATE_METHOD_MATCH = YES;
				COPY_PHASE_STRIP = NO;
				DEBUG_INFORMATION_FORMAT = dwarf;
				ENABLE_STRICT_OBJC_MSGSEND = YES;
				ENABLE_TESTABILITY = YES;
				ENABLE_USER_SCRIPT_SANDBOXING = YES;
				GCC_C_LANGUAGE_STANDARD = gnu17;
				GCC_DYNAMIC_NO_PIC = NO;
				GCC_NO_COMMON_BLOCKS = YES;
				GCC_OPTIMIZATION_LEVEL = 0;
				GCC_PREPROCESSOR_DEFINITIONS = (
					"DEBUG=1",
					"$(inherited)",
				);
				GCC_WARN_64_TO_32_BIT_CONVERSION = YES;
				GCC_WARN_ABOUT_RETURN_TYPE = YES_ERROR;
				GCC_WARN_UNDECLARED_SELECTOR = YES;
				GCC_WARN_UNINITIALIZED_AUTOS = YES_AGGRESSIVE;
				GCC_WARN_UNUSED_FUNCTION = YES;
				GCC_WARN_UNUSED_VARIABLE = YES;
				IPHONEOS_DEPLOYMENT_TARGET = 17.5;
				LOCALIZATION_PREFERS_STRING_CATALOGS = YES;
				MTL_ENABLE_DEBUG_INFO = INCLUDE_SOURCE;
				MTL_FAST_MATH = YES;
				ONLY_ACTIVE_ARCH = YES;
				SDKROOT = iphoneos;
				SWIFT_ACTIVE_COMPILATION_CONDITIONS = "DEBUG $(inherited)";
				SWIFT_OPTIMIZATION_LEVEL = "-Onone";
			};
			name = Debug;
		};
		EFEC24212C0CFC5300AB24A4 /* Release */ = {
			isa = XCBuildConfiguration;
			buildSettings = {
				ALWAYS_SEARCH_USER_PATHS = NO;
				ASSETCATALOG_COMPILER_GENERATE_SWIFT_ASSET_SYMBOL_EXTENSIONS = YES;
				CLANG_ANALYZER_NONNULL = YES;
				CLANG_ANALYZER_NUMBER_OBJECT_CONVERSION = YES_AGGRESSIVE;
				CLANG_CXX_LANGUAGE_STANDARD = "gnu++20";
				CLANG_ENABLE_MODULES = YES;
				CLANG_ENABLE_OBJC_ARC = YES;
				CLANG_ENABLE_OBJC_WEAK = YES;
				CLANG_WARN_BLOCK_CAPTURE_AUTORELEASING = YES;
				CLANG_WARN_BOOL_CONVERSION = YES;
				CLANG_WARN_COMMA = YES;
				CLANG_WARN_CONSTANT_CONVERSION = YES;
				CLANG_WARN_DEPRECATED_OBJC_IMPLEMENTATIONS = YES;
				CLANG_WARN_DIRECT_OBJC_ISA_USAGE = YES_ERROR;
				CLANG_WARN_DOCUMENTATION_COMMENTS = YES;
				CLANG_WARN_EMPTY_BODY = YES;
				CLANG_WARN_ENUM_CONVERSION = YES;
				CLANG_WARN_INFINITE_RECURSION = YES;
				CLANG_WARN_INT_CONVERSION = YES;
				CLANG_WARN_NON_LITERAL_NULL_CONVERSION = YES;
				CLANG_WARN_OBJC_IMPLICIT_RETAIN_SELF = YES;
				CLANG_WARN_OBJC_LITERAL_CONVERSION = YES;
				CLANG_WARN_OBJC_ROOT_CLASS = YES_ERROR;
				CLANG_WARN_QUOTED_INCLUDE_IN_FRAMEWORK_HEADER = YES;
				CLANG_WARN_RANGE_LOOP_ANALYSIS = YES;
				CLANG_WARN_STRICT_PROTOTYPES = YES;
				CLANG_WARN_SUSPICIOUS_MOVE = YES;
				CLANG_WARN_UNGUARDED_AVAILABILITY = YES_AGGRESSIVE;
				CLANG_WARN_UNREACHABLE_CODE = YES;
				CLANG_WARN__DUPLICATE_METHOD_MATCH = YES;
				COPY_PHASE_STRIP = NO;
				DEBUG_INFORMATION_FORMAT = "dwarf-with-dsym";
				ENABLE_NS_ASSERTIONS = NO;
				ENABLE_STRICT_OBJC_MSGSEND = YES;
				ENABLE_USER_SCRIPT_SANDBOXING = YES;
				GCC_C_LANGUAGE_STANDARD = gnu17;
				GCC_NO_COMMON_BLOCKS = YES;
				GCC_WARN_64_TO_32_BIT_CONVERSION = YES;
				GCC_WARN_ABOUT_RETURN_TYPE = YES_ERROR;
				GCC_WARN_UNDECLARED_SELECTOR = YES;
				GCC_WARN_UNINITIALIZED_AUTOS = YES_AGGRESSIVE;
				GCC_WARN_UNUSED_FUNCTION = YES;
				GCC_WARN_UNUSED_VARIABLE = YES;
				IPHONEOS_DEPLOYMENT_TARGET = 17.5;
				LOCALIZATION_PREFERS_STRING_CATALOGS = YES;
				MTL_ENABLE_DEBUG_INFO = NO;
				MTL_FAST_MATH = YES;
				SDKROOT = iphoneos;
				SWIFT_COMPILATION_MODE = wholemodule;
				VALIDATE_PRODUCT = YES;
			};
			name = Release;
		};
		EFEC24232C0CFC5300AB24A4 /* Debug */ = {
			isa = XCBuildConfiguration;
			buildSettings = {
				ASSETCATALOG_COMPILER_APPICON_NAME = AppIcon;
				ASSETCATALOG_COMPILER_GLOBAL_ACCENT_COLOR_NAME = AccentColor;
				CODE_SIGN_STYLE = Automatic;
				CURRENT_PROJECT_VERSION = 1;
				GENERATE_INFOPLIST_FILE = YES;
				INFOPLIST_FILE = Basic_Components/Info.plist;
				INFOPLIST_KEY_UIApplicationSupportsIndirectInputEvents = YES;
				INFOPLIST_KEY_UILaunchStoryboardName = LaunchScreen;
				INFOPLIST_KEY_UIMainStoryboardFile = Main;
				INFOPLIST_KEY_UISupportedInterfaceOrientations_iPad = "UIInterfaceOrientationPortrait UIInterfaceOrientationPortraitUpsideDown UIInterfaceOrientationLandscapeLeft UIInterfaceOrientationLandscapeRight";
				INFOPLIST_KEY_UISupportedInterfaceOrientations_iPhone = "UIInterfaceOrientationPortrait UIInterfaceOrientationLandscapeLeft UIInterfaceOrientationLandscapeRight";
				LD_RUNPATH_SEARCH_PATHS = (
					"$(inherited)",
					"@executable_path/Frameworks",
				);
				MARKETING_VERSION = 1.0;
				PRODUCT_BUNDLE_IDENTIFIER = "com.sumit.Basic-Components";
				PRODUCT_NAME = "$(TARGET_NAME)";
				SWIFT_EMIT_LOC_STRINGS = YES;
				SWIFT_VERSION = 5.0;
				TARGETED_DEVICE_FAMILY = "1,2";
			};
			name = Debug;
		};
		EFEC24242C0CFC5300AB24A4 /* Release */ = {
			isa = XCBuildConfiguration;
			buildSettings = {
				ASSETCATALOG_COMPILER_APPICON_NAME = AppIcon;
				ASSETCATALOG_COMPILER_GLOBAL_ACCENT_COLOR_NAME = AccentColor;
				CODE_SIGN_STYLE = Automatic;
				CURRENT_PROJECT_VERSION = 1;
				GENERATE_INFOPLIST_FILE = YES;
				INFOPLIST_FILE = Basic_Components/Info.plist;
				INFOPLIST_KEY_UIApplicationSupportsIndirectInputEvents = YES;
				INFOPLIST_KEY_UILaunchStoryboardName = LaunchScreen;
				INFOPLIST_KEY_UIMainStoryboardFile = Main;
				INFOPLIST_KEY_UISupportedInterfaceOrientations_iPad = "UIInterfaceOrientationPortrait UIInterfaceOrientationPortraitUpsideDown UIInterfaceOrientationLandscapeLeft UIInterfaceOrientationLandscapeRight";
				INFOPLIST_KEY_UISupportedInterfaceOrientations_iPhone = "UIInterfaceOrientationPortrait UIInterfaceOrientationLandscapeLeft UIInterfaceOrientationLandscapeRight";
				LD_RUNPATH_SEARCH_PATHS = (
					"$(inherited)",
					"@executable_path/Frameworks",
				);
				MARKETING_VERSION = 1.0;
				PRODUCT_BUNDLE_IDENTIFIER = "com.sumit.Basic-Components";
				PRODUCT_NAME = "$(TARGET_NAME)";
				SWIFT_EMIT_LOC_STRINGS = YES;
				SWIFT_VERSION = 5.0;
				TARGETED_DEVICE_FAMILY = "1,2";
			};
			name = Release;
		};
		EFEC24262C0CFC5300AB24A4 /* Debug */ = {
			isa = XCBuildConfiguration;
			buildSettings = {
				ALWAYS_EMBED_SWIFT_STANDARD_LIBRARIES = YES;
				BUNDLE_LOADER = "$(TEST_HOST)";
				CODE_SIGN_STYLE = Automatic;
				CURRENT_PROJECT_VERSION = 1;
				GENERATE_INFOPLIST_FILE = YES;
				IPHONEOS_DEPLOYMENT_TARGET = 17.5;
				MARKETING_VERSION = 1.0;
				PRODUCT_BUNDLE_IDENTIFIER = "com.sumit.Basic-ComponentsTests";
				PRODUCT_NAME = "$(TARGET_NAME)";
				SWIFT_EMIT_LOC_STRINGS = NO;
				SWIFT_VERSION = 5.0;
				TARGETED_DEVICE_FAMILY = "1,2";
				TEST_HOST = "$(BUILT_PRODUCTS_DIR)/Basic_Components.app/$(BUNDLE_EXECUTABLE_FOLDER_PATH)/Basic_Components";
			};
			name = Debug;
		};
		EFEC24272C0CFC5300AB24A4 /* Release */ = {
			isa = XCBuildConfiguration;
			buildSettings = {
				ALWAYS_EMBED_SWIFT_STANDARD_LIBRARIES = YES;
				BUNDLE_LOADER = "$(TEST_HOST)";
				CODE_SIGN_STYLE = Automatic;
				CURRENT_PROJECT_VERSION = 1;
				GENERATE_INFOPLIST_FILE = YES;
				IPHONEOS_DEPLOYMENT_TARGET = 17.5;
				MARKETING_VERSION = 1.0;
				PRODUCT_BUNDLE_IDENTIFIER = "com.sumit.Basic-ComponentsTests";
				PRODUCT_NAME = "$(TARGET_NAME)";
				SWIFT_EMIT_LOC_STRINGS = NO;
				SWIFT_VERSION = 5.0;
				TARGETED_DEVICE_FAMILY = "1,2";
				TEST_HOST = "$(BUILT_PRODUCTS_DIR)/Basic_Components.app/$(BUNDLE_EXECUTABLE_FOLDER_PATH)/Basic_Components";
			};
			name = Release;
		};
		EFEC24292C0CFC5300AB24A4 /* Debug */ = {
			isa = XCBuildConfiguration;
			buildSettings = {
				ALWAYS_EMBED_SWIFT_STANDARD_LIBRARIES = YES;
				CODE_SIGN_STYLE = Automatic;
				CURRENT_PROJECT_VERSION = 1;
				GENERATE_INFOPLIST_FILE = YES;
				MARKETING_VERSION = 1.0;
				PRODUCT_BUNDLE_IDENTIFIER = "com.sumit.Basic-ComponentsUITests";
				PRODUCT_NAME = "$(TARGET_NAME)";
				SWIFT_EMIT_LOC_STRINGS = NO;
				SWIFT_VERSION = 5.0;
				TARGETED_DEVICE_FAMILY = "1,2";
				TEST_TARGET_NAME = Basic_Components;
			};
			name = Debug;
		};
		EFEC242A2C0CFC5300AB24A4 /* Release */ = {
			isa = XCBuildConfiguration;
			buildSettings = {
				ALWAYS_EMBED_SWIFT_STANDARD_LIBRARIES = YES;
				CODE_SIGN_STYLE = Automatic;
				CURRENT_PROJECT_VERSION = 1;
				GENERATE_INFOPLIST_FILE = YES;
				MARKETING_VERSION = 1.0;
				PRODUCT_BUNDLE_IDENTIFIER = "com.sumit.Basic-ComponentsUITests";
				PRODUCT_NAME = "$(TARGET_NAME)";
				SWIFT_EMIT_LOC_STRINGS = NO;
				SWIFT_VERSION = 5.0;
				TARGETED_DEVICE_FAMILY = "1,2";
				TEST_TARGET_NAME = Basic_Components;
			};
			name = Release;
		};
/* End XCBuildConfiguration section */

/* Begin XCConfigurationList section */
		EFEC23F32C0CFC5000AB24A4 /* Build configuration list for PBXProject "Basic_Components" */ = {
			isa = XCConfigurationList;
			buildConfigurations = (
				EFEC24202C0CFC5300AB24A4 /* Debug */,
				EFEC24212C0CFC5300AB24A4 /* Release */,
			);
			defaultConfigurationIsVisible = 0;
			defaultConfigurationName = Release;
		};
		EFEC24222C0CFC5300AB24A4 /* Build configuration list for PBXNativeTarget "Basic_Components" */ = {
			isa = XCConfigurationList;
			buildConfigurations = (
				EFEC24232C0CFC5300AB24A4 /* Debug */,
				EFEC24242C0CFC5300AB24A4 /* Release */,
			);
			defaultConfigurationIsVisible = 0;
			defaultConfigurationName = Release;
		};
		EFEC24252C0CFC5300AB24A4 /* Build configuration list for PBXNativeTarget "Basic_ComponentsTests" */ = {
			isa = XCConfigurationList;
			buildConfigurations = (
				EFEC24262C0CFC5300AB24A4 /* Debug */,
				EFEC24272C0CFC5300AB24A4 /* Release */,
			);
			defaultConfigurationIsVisible = 0;
			defaultConfigurationName = Release;
		};
		EFEC24282C0CFC5300AB24A4 /* Build configuration list for PBXNativeTarget "Basic_ComponentsUITests" */ = {
			isa = XCConfigurationList;
			buildConfigurations = (
				EFEC24292C0CFC5300AB24A4 /* Debug */,
				EFEC242A2C0CFC5300AB24A4 /* Release */,
			);
			defaultConfigurationIsVisible = 0;
			defaultConfigurationName = Release;
		};
/* End XCConfigurationList section */
	};
	rootObject = EFEC23F02C0CFC5000AB24A4 /* Project object */;
}
